
Microsoft Visual Studio Solution File, Format Version 12.00
# Visual Studio Version 17
VisualStudioVersion = 17.4.33103.184
MinimumVisualStudioVersion = 10.0.40219.1
Project("{FAE04EC0-301F-11D3-BF4B-00C04F79EFBC}") = "MinaTolWebApi", "MinaTolWebApi\MinaTolWebApi.csproj", "{100D3E96-599E-41F0-A408-C835ACB5C09E}"
EndProject
Project("{FAE04EC0-301F-11D3-BF4B-00C04F79EFBC}") = "MinaTolEntidades", "MinaTolEntidades\MinaTolEntidades.csproj", "{10A8B66F-3DFC-434F-A035-B35D3860C699}"
EndProject
Project("{FAE04EC0-301F-11D3-BF4B-00C04F79EFBC}") = "MinaToMVC", "MinaToMVC\MinaToMVC.csproj", "{9CDE2CB0-AA6A-47D0-A487-E875124CBBF9}"
EndProject
Project("{FAE04EC0-301F-11D3-BF4B-00C04F79EFBC}") = "MinaTolReports", "MinaTolReports\MinaTolReports.csproj", "{4A2473E3-6B9F-4753-A0A5-6B10E378F455}"
EndProject
Project("{2150E333-8FDC-42A3-9474-1A3956D46DE8}") = "Front", "Front", "{02EA681E-C7D8-13C7-8484-4AC65E1B71E8}"
EndProject
Project("{2150E333-8FDC-42A3-9474-1A3956D46DE8}") = "Back", "Back", "{31388146-0E2C-4B63-A959-D22485A6447D}"
EndProject
Project("{FAE04EC0-301F-11D3-BF4B-00C04F79EFBC}") = "MinaTolWebApiV2", "MinaTolWebApiV2\MinaTolWebApiV2.csproj", "{92436099-68CA-4AFF-8DE8-17227AC0B9A6}"
EndProject
Project("{2150E333-8FDC-42A3-9474-1A3956D46DE8}") = "Catalogs", "Catalogs", "{99CD41F5-0568-4E50-9873-9B37AC0C870F}"
EndProject
Project("{2150E333-8FDC-42A3-9474-1A3956D46DE8}") = "Application", "Application", "{51E2A5C4-2986-4F96-9038-AF5941521E49}"
EndProject
Project("{2150E333-8FDC-42A3-9474-1A3956D46DE8}") = "DomainModel", "DomainModel", "{B65839ED-8677-4EA4-B3CB-39980EE14FAE}"
EndProject
Project("{2150E333-8FDC-42A3-9474-1A3956D46DE8}") = "Infrastructure", "Infrastructure", "{2B0EDD19-1145-4D36-A6B4-206397CEB2E4}"
EndProject
Project("{2150E333-8FDC-42A3-9474-1A3956D46DE8}") = "Messages", "Messages", "{BE2FB793-F2F0-4459-868B-0CCFE877B2DB}"
EndProject
Project("{2150E333-8FDC-42A3-9474-1A3956D46DE8}") = "BackOld", "BackOld", "{7F73919D-3E1E-4D49-9BB5-485F2682E0E7}"
EndProject
Project("{FAE04EC0-301F-11D3-BF4B-00C04F79EFBC}") = "Catalogs.Application", "Catalogs.Application\Catalogs.Application.csproj", "{7DEFD315-9A84-4F1E-ADAE-05A087401473}"
EndProject
Project("{2150E333-8FDC-42A3-9474-1A3956D46DE8}") = "Proxies", "Proxies", "{8B7CEA5D-4A42-4698-84BA-6D5B83AF25F3}"
EndProject
Project("{FAE04EC0-301F-11D3-BF4B-00C04F79EFBC}") = "Catalogs.Proxy", "Catalogs.Proxy\Catalogs.Proxy.csproj", "{7E6C1D91-413C-4AAD-9180-1F43BE10E88F}"
EndProject
Project("{FAE04EC0-301F-11D3-BF4B-00C04F79EFBC}") = "Catalogs.Domain", "Catalogs.Domain\Catalogs.Domain.csproj", "{5F790F3D-9EB4-43AB-B211-30A608D3B1FF}"
EndProject
Project("{2150E333-8FDC-42A3-9474-1A3956D46DE8}") = "DomainCommonModel", "DomainCommonModel", "{D38B1A1F-D8EA-4436-8257-ED9E019C4058}"
EndProject
Project("{FAE04EC0-301F-11D3-BF4B-00C04F79EFBC}") = "Common.Domain", "Common.Domain\Common.Domain.csproj", "{AAF7C05D-D994-402B-A288-E7C025B263B0}"
EndProject
Project("{2150E333-8FDC-42A3-9474-1A3956D46DE8}") = "InfrastructureCommon", "InfrastructureCommon", "{B4238984-95BC-405F-8CDF-2D9B717BD5EE}"
EndProject
Project("{2150E333-8FDC-42A3-9474-1A3956D46DE8}") = "Helpers", "Helpers", "{11F1BD11-F094-498D-9F09-3DDF4BD23369}"
EndProject
Project("{FAE04EC0-301F-11D3-BF4B-00C04F79EFBC}") = "SqlProxy", "SqlProxy\SqlProxy.csproj", "{862D209F-B565-4484-BD2C-A24D1922A8D5}"
EndProject
Project("{FAE04EC0-301F-11D3-BF4B-00C04F79EFBC}") = "Catalogs.Messages", "Catalogs.Messages\Catalogs.Messages.csproj", "{89E0ED8F-A173-4B94-AF8A-568E932E3A7D}"
EndProject
Project("{FAE04EC0-301F-11D3-BF4B-00C04F79EFBC}") = "Catalogs.ApplicationTest", "Catalogs.ApplicationTest\Catalogs.ApplicationTest.csproj", "{FFC77815-4987-4270-BB80-CBCB43BB3D2A}"
EndProject
Global
	GlobalSection(SolutionConfigurationPlatforms) = preSolution
		Debug|Any CPU = Debug|Any CPU
		Release|Any CPU = Release|Any CPU
	EndGlobalSection
	GlobalSection(ProjectConfigurationPlatforms) = postSolution
		{100D3E96-599E-41F0-A408-C835ACB5C09E}.Debug|Any CPU.ActiveCfg = Debug|Any CPU
		{100D3E96-599E-41F0-A408-C835ACB5C09E}.Debug|Any CPU.Build.0 = Debug|Any CPU
		{100D3E96-599E-41F0-A408-C835ACB5C09E}.Release|Any CPU.ActiveCfg = Release|Any CPU
		{100D3E96-599E-41F0-A408-C835ACB5C09E}.Release|Any CPU.Build.0 = Release|Any CPU
		{10A8B66F-3DFC-434F-A035-B35D3860C699}.Debug|Any CPU.ActiveCfg = Debug|Any CPU
		{10A8B66F-3DFC-434F-A035-B35D3860C699}.Debug|Any CPU.Build.0 = Debug|Any CPU
		{10A8B66F-3DFC-434F-A035-B35D3860C699}.Release|Any CPU.ActiveCfg = Release|Any CPU
		{10A8B66F-3DFC-434F-A035-B35D3860C699}.Release|Any CPU.Build.0 = Release|Any CPU
		{9CDE2CB0-AA6A-47D0-A487-E875124CBBF9}.Debug|Any CPU.ActiveCfg = Debug|Any CPU
		{9CDE2CB0-AA6A-47D0-A487-E875124CBBF9}.Debug|Any CPU.Build.0 = Debug|Any CPU
		{9CDE2CB0-AA6A-47D0-A487-E875124CBBF9}.Release|Any CPU.ActiveCfg = Release|Any CPU
		{9CDE2CB0-AA6A-47D0-A487-E875124CBBF9}.Release|Any CPU.Build.0 = Release|Any CPU
		{4A2473E3-6B9F-4753-A0A5-6B10E378F455}.Debug|Any CPU.ActiveCfg = Debug|Any CPU
		{4A2473E3-6B9F-4753-A0A5-6B10E378F455}.Debug|Any CPU.Build.0 = Debug|Any CPU
		{4A2473E3-6B9F-4753-A0A5-6B10E378F455}.Release|Any CPU.ActiveCfg = Release|Any CPU
		{4A2473E3-6B9F-4753-A0A5-6B10E378F455}.Release|Any CPU.Build.0 = Release|Any CPU
		{92436099-68CA-4AFF-8DE8-17227AC0B9A6}.Debug|Any CPU.ActiveCfg = Debug|Any CPU
		{92436099-68CA-4AFF-8DE8-17227AC0B9A6}.Debug|Any CPU.Build.0 = Debug|Any CPU
		{92436099-68CA-4AFF-8DE8-17227AC0B9A6}.Release|Any CPU.ActiveCfg = Release|Any CPU
		{92436099-68CA-4AFF-8DE8-17227AC0B9A6}.Release|Any CPU.Build.0 = Release|Any CPU
		{7DEFD315-9A84-4F1E-ADAE-05A087401473}.Debug|Any CPU.ActiveCfg = Debug|Any CPU
		{7DEFD315-9A84-4F1E-ADAE-05A087401473}.Debug|Any CPU.Build.0 = Debug|Any CPU
		{7DEFD315-9A84-4F1E-ADAE-05A087401473}.Release|Any CPU.ActiveCfg = Release|Any CPU
		{7DEFD315-9A84-4F1E-ADAE-05A087401473}.Release|Any CPU.Build.0 = Release|Any CPU
		{7E6C1D91-413C-4AAD-9180-1F43BE10E88F}.Debug|Any CPU.ActiveCfg = Debug|Any CPU
		{7E6C1D91-413C-4AAD-9180-1F43BE10E88F}.Debug|Any CPU.Build.0 = Debug|Any CPU
		{7E6C1D91-413C-4AAD-9180-1F43BE10E88F}.Release|Any CPU.ActiveCfg = Release|Any CPU
		{7E6C1D91-413C-4AAD-9180-1F43BE10E88F}.Release|Any CPU.Build.0 = Release|Any CPU
		{5F790F3D-9EB4-43AB-B211-30A608D3B1FF}.Debug|Any CPU.ActiveCfg = Debug|Any CPU
		{5F790F3D-9EB4-43AB-B211-30A608D3B1FF}.Debug|Any CPU.Build.0 = Debug|Any CPU
		{5F790F3D-9EB4-43AB-B211-30A608D3B1FF}.Release|Any CPU.ActiveCfg = Release|Any CPU
		{5F790F3D-9EB4-43AB-B211-30A608D3B1FF}.Release|Any CPU.Build.0 = Release|Any CPU
		{AAF7C05D-D994-402B-A288-E7C025B263B0}.Debug|Any CPU.ActiveCfg = Debug|Any CPU
		{AAF7C05D-D994-402B-A288-E7C025B263B0}.Debug|Any CPU.Build.0 = Debug|Any CPU
		{AAF7C05D-D994-402B-A288-E7C025B263B0}.Release|Any CPU.ActiveCfg = Release|Any CPU
		{AAF7C05D-D994-402B-A288-E7C025B263B0}.Release|Any CPU.Build.0 = Release|Any CPU
		{862D209F-B565-4484-BD2C-A24D1922A8D5}.Debug|Any CPU.ActiveCfg = Debug|Any CPU
		{862D209F-B565-4484-BD2C-A24D1922A8D5}.Debug|Any CPU.Build.0 = Debug|Any CPU
		{862D209F-B565-4484-BD2C-A24D1922A8D5}.Release|Any CPU.ActiveCfg = Release|Any CPU
		{862D209F-B565-4484-BD2C-A24D1922A8D5}.Release|Any CPU.Build.0 = Release|Any CPU
		{89E0ED8F-A173-4B94-AF8A-568E932E3A7D}.Debug|Any CPU.ActiveCfg = Debug|Any CPU
		{89E0ED8F-A173-4B94-AF8A-568E932E3A7D}.Debug|Any CPU.Build.0 = Debug|Any CPU
		{89E0ED8F-A173-4B94-AF8A-568E932E3A7D}.Release|Any CPU.ActiveCfg = Release|Any CPU
		{89E0ED8F-A173-4B94-AF8A-568E932E3A7D}.Release|Any CPU.Build.0 = Release|Any CPU
		{FFC77815-4987-4270-BB80-CBCB43BB3D2A}.Debug|Any CPU.ActiveCfg = Debug|Any CPU
		{FFC77815-4987-4270-BB80-CBCB43BB3D2A}.Debug|Any CPU.Build.0 = Debug|Any CPU
		{FFC77815-4987-4270-BB80-CBCB43BB3D2A}.Release|Any CPU.ActiveCfg = Release|Any CPU
		{FFC77815-4987-4270-BB80-CBCB43BB3D2A}.Release|Any CPU.Build.0 = Release|Any CPU
	EndGlobalSection
	GlobalSection(SolutionProperties) = preSolution
		HideSolutionNode = FALSE
	EndGlobalSection
	GlobalSection(NestedProjects) = preSolution
		{100D3E96-599E-41F0-A408-C835ACB5C09E} = {7F73919D-3E1E-4D49-9BB5-485F2682E0E7}
		{10A8B66F-3DFC-434F-A035-B35D3860C699} = {02EA681E-C7D8-13C7-8484-4AC65E1B71E8}
		{9CDE2CB0-AA6A-47D0-A487-E875124CBBF9} = {02EA681E-C7D8-13C7-8484-4AC65E1B71E8}
		{4A2473E3-6B9F-4753-A0A5-6B10E378F455} = {02EA681E-C7D8-13C7-8484-4AC65E1B71E8}
		{92436099-68CA-4AFF-8DE8-17227AC0B9A6} = {31388146-0E2C-4B63-A959-D22485A6447D}
		{99CD41F5-0568-4E50-9873-9B37AC0C870F} = {31388146-0E2C-4B63-A959-D22485A6447D}
		{51E2A5C4-2986-4F96-9038-AF5941521E49} = {99CD41F5-0568-4E50-9873-9B37AC0C870F}
		{B65839ED-8677-4EA4-B3CB-39980EE14FAE} = {99CD41F5-0568-4E50-9873-9B37AC0C870F}
		{2B0EDD19-1145-4D36-A6B4-206397CEB2E4} = {99CD41F5-0568-4E50-9873-9B37AC0C870F}
		{BE2FB793-F2F0-4459-868B-0CCFE877B2DB} = {99CD41F5-0568-4E50-9873-9B37AC0C870F}
		{7DEFD315-9A84-4F1E-ADAE-05A087401473} = {51E2A5C4-2986-4F96-9038-AF5941521E49}
		{8B7CEA5D-4A42-4698-84BA-6D5B83AF25F3} = {2B0EDD19-1145-4D36-A6B4-206397CEB2E4}
		{7E6C1D91-413C-4AAD-9180-1F43BE10E88F} = {8B7CEA5D-4A42-4698-84BA-6D5B83AF25F3}
		{5F790F3D-9EB4-43AB-B211-30A608D3B1FF} = {B65839ED-8677-4EA4-B3CB-39980EE14FAE}
		{D38B1A1F-D8EA-4436-8257-ED9E019C4058} = {31388146-0E2C-4B63-A959-D22485A6447D}
		{AAF7C05D-D994-402B-A288-E7C025B263B0} = {D38B1A1F-D8EA-4436-8257-ED9E019C4058}
		{B4238984-95BC-405F-8CDF-2D9B717BD5EE} = {31388146-0E2C-4B63-A959-D22485A6447D}
		{11F1BD11-F094-498D-9F09-3DDF4BD23369} = {B4238984-95BC-405F-8CDF-2D9B717BD5EE}
		{862D209F-B565-4484-BD2C-A24D1922A8D5} = {11F1BD11-F094-498D-9F09-3DDF4BD23369}
		{89E0ED8F-A173-4B94-AF8A-568E932E3A7D} = {BE2FB793-F2F0-4459-868B-0CCFE877B2DB}
		{FFC77815-4987-4270-BB80-CBCB43BB3D2A} = {51E2A5C4-2986-4F96-9038-AF5941521E49}
	EndGlobalSection
	GlobalSection(ExtensibilityGlobals) = postSolution
		SolutionGuid = {DBBDF505-F602-4235-B8B5-5FC84D729FFA}
	EndGlobalSection
EndGlobal
